{
  "version": 4,
  "terraform_version": "1.6.1",
  "serial": 14,
  "lineage": "be3a3497-f4e8-f2e9-d3de-1894e67bb3b5",
  "outputs": {
    "key_data": {
      "value": "ssh-rsa AAAAB3NzaC1yc2EAAAADAQABAAABgQC+fNFJWbFA+RrigFOfimp5OfjZ5Nx6Sfsv+avIn2/xnpFtwrs2Jxpbn0D0ZlaZOb0EX8ET8iIF0RCjH7TlPXjOuTxm/BfoRXOfHQOReBKcRxLH/FyxAAZnFHH07H4uI1/qvuv6BQD4fhluhAmBFWFPxbeqrhDX6UTbf+jb9xqx22MxRO+fA8MAktToc4c5lHlHVmEXRMGR/vB+dz88pGSTHOIWAWP3gIFQWmBmFm+83ltEBH9GqTg/7tEfu+DWrz+4zyzfZmel6peJ7EWCrC3ZwXzdZGHJ3Q/dFlvL6AnQp52xBKo8g/MS6Jes125Y+ukCkTUyMQpXeaVN8leonBJC0bPax35brQoDqQa/wV+a6+Aczo5qcBLSyXYoDbh2/Fu9lzWbJpkUpse4yZts+8TpKK/5JCmv7cHarm2wmalsXcCsu/k3DgSKg5hYa5P1f/hnX7p2ZP4PHIqxr7NSWRDlpPZ7UqETZ9PEvavr4LDKzqIXp6Ja61ZdN/1o/arQQPk= generated-by-azure",
      "type": "string"
    },
    "public_ip_address": {
      "value": "20.123.202.174",
      "type": "string"
    },
    "resource_group_name": {
      "value": "rg-proud-herring",
      "type": "string"
    }
  },
  "resources": [
    {
      "mode": "managed",
      "type": "azapi_resource",
      "name": "ssh_public_key",
      "provider": "provider[\"registry.terraform.io/azure/azapi\"]",
      "instances": [
        {
          "schema_version": 0,
          "attributes": {
            "body": "{}",
            "id": "/subscriptions/2d2378c7-cb0a-4eb0-a565-ccdc77e07d99/resourceGroups/rg-proud-herring/providers/Microsoft.Compute/sshPublicKeys/sshboldviper",
            "identity": [],
            "ignore_body_changes": null,
            "ignore_casing": false,
            "ignore_missing_property": true,
            "location": "westeurope",
            "locks": null,
            "name": "sshboldviper",
            "output": "{}",
            "parent_id": "/subscriptions/2d2378c7-cb0a-4eb0-a565-ccdc77e07d99/resourceGroups/rg-proud-herring",
            "removing_special_chars": false,
            "response_export_values": null,
            "schema_validation_enabled": true,
            "tags": {},
            "timeouts": null,
            "type": "Microsoft.Compute/sshPublicKeys@2022-11-01"
          },
          "sensitive_attributes": [],
          "private": "eyJlMmJmYjczMC1lY2FhLTExZTYtOGY4OC0zNDM2M2JjN2M0YzAiOnsiY3JlYXRlIjoxODAwMDAwMDAwMDAwLCJkZWxldGUiOjE4MDAwMDAwMDAwMDAsInJlYWQiOjMwMDAwMDAwMDAwMCwidXBkYXRlIjoxODAwMDAwMDAwMDAwfX0=",
          "dependencies": [
            "azurerm_resource_group.rg",
            "random_pet.rg_name",
            "random_pet.ssh_key_name"
          ]
        }
      ]
    },
    {
      "mode": "managed",
      "type": "azapi_resource_action",
      "name": "ssh_public_key_gen",
      "provider": "provider[\"registry.terraform.io/azure/azapi\"]",
      "instances": [
        {
          "schema_version": 0,
          "attributes": {
            "action": "generateKeyPair",
            "body": null,
            "id": "/subscriptions/2d2378c7-cb0a-4eb0-a565-ccdc77e07d99/resourceGroups/rg-proud-herring/providers/Microsoft.Compute/sshPublicKeys/sshboldviper/generateKeyPair",
            "locks": null,
            "method": "POST",
            "output": "{\"privateKey\":\"-----BEGIN RSA PRIVATE KEY-----\\r\\nMIIG5gIBAAKCAYEAvnzRSVmxQPka4oBTn4pqeTn42eTcekn7L/mryJ9v8Z6RbcK7\\r\\nNicaW59A9GZWmTm9BF/BE/IiBdEQox+05T14zrk8ZvwX6EVznx0DkXgSnEcSx/xc\\r\\nsQAGZxRx9Ox+LiNf6r7r+gUA+H4ZboQJgRVhT8W3qq4Q1+lE23/o2/casdtjMUTv\\r\\nnwPDAJLU6HOHOZR5R1ZhF0TBkf7wfnc/PKRkkxziFgFj94CBUFpgZhZvvN5bRAR/\\r\\nRqk4P+7RH7vg1q8/uM8s32ZnpeqXiexFgqwt2cF83WRhyd0P3RZby+gJ0KedsQSq\\r\\nPIPzEuiXrNduWPrpApE1MjEKV3mlTfJXqJwSQtGz2sd+W60KA6kGv8FfmuvgHM6O\\r\\nanAS0sl2KA24dvxbvZc1myaZFKbHuMmbbPvE6Siv+SQpr+3B2q5tsJmpbF3ArLv5\\r\\nNw4EioOYWGuT9X/4Z1+6dmT+DxyKsa+zUlkQ5aT2e1KhE2fTxL2r6+Cwys6iF6ei\\r\\nWutWXTf9aP2q0ED5AgMBAAECggGBALUlV5VMgT7LZaCt7lgStiwwUBFODckRX5kA\\r\\n8jaoQDli1OOvQn898lfc+1UvmPy/pptpP+Bq66XiadLmjQ1PRvo3t1QsOcP9f/V5\\r\\nDvKgX/pTsG2T9MWxw2T1UWVcHKZdp5JCG4A4j/K/YAnz8GHb5h2JZZ8fRw88Wunu\\r\\nGpBLzgwDGLI63zC10BRUjbm8W4ULR8XqRAxvqzDeYu+xEObnYmlwFyRcECfHAbJb\\r\\nL78FaR8PyXTGXg7hT4ek4SQvc6JVJjxSKNdC/Ibd+32SvAncKptOWanuW6I0cjQH\\r\\nyem/hPYj5XJCvG9hChNpSTmxd1M6Ke+9hjI47BRp2XMU7UDhxqNgeZMjeTyGGehF\\r\\n+qvkgNeRUHr3vAdcMlhXNOp3KPhgf3UDhfHAL4KxwPD9pb3vEbKMiLMH0ud1DB8E\\r\\npGyWzFiMPdPxKBMJz6q2ztVeyAn/qIg0s/b6/zuWP9kWuqid9SQnfcQC/p5FeKRh\\r\\nzyWXsiDX5mpnokknPPW9b095Pg0frQKBwQDRjY901M0Hd2WtPqmSAWla6DGfef6R\\r\\n+DSNNeciijZ0nOzo6TsO/eigk5w31E2EViIOZ3hssHymJyFKZlZRcLQYy78iEPo2\\r\\nhhpMEpB1IHCz1+WwbGhyuF+SnNttWrBMWjynqHCU8mkElCqprouKbRcK3O/+/kLM\\r\\nypNJqBECGL/kh94ZJlDOe1qM63ZD+hrCYzHOchRcQQJxVbh+Szplbx5Nlg+ML9df\\r\\njGQs9PChY/Eaul7N24rpSiv/2J5VxFvHbPMCgcEA6LVzEafZAZssQtNq2fi3WFPd\\r\\npRuBG3Xqgy1Sc3XT5RoK360PMLBKQLKsvABorr+taKZF2jqSDKsMTSEl3Ly36Dbj\\r\\n72sPwV9Ie0adMPrYpa8S8uprRn0dPvXQ1Q/TXWS7ySDVaJCQL504B1opFkgLu8IK\\r\\nXj+5Bj3QPASzY4OCLl95CMNa7fTYi1rdk31kYQQ1vxIh00eqPeC7/2MxGy4A/rBd\\r\\ngMPIsv+RJyJwrJYge2HYxJQKQ2qh0JX+llESxiVjAoHBALtpE0e1mbh3u+N5C0ad\\r\\nJJA84URzYo1Boh44ewKVAabBQc/75um9g3M5EJmNsdYNAmBHgZgTLyeaD1futnwX\\r\\ng7o5XjMlY+GnhZVLdQ6LeMAe8jkaez8+TZtd1ZCzbsCaY2y+ZBGRywJhUNZ4WCvw\\r\\n7I62kZ1H4I4vDhLt0GhDojrMmIF9lv9TquQlIZwh7hSzijPMKxFmwryBoYKx3QQi\\r\\noMNa1YTWtJOrh1v9o8dzDoqM64TIOC/0Oe2S2ehyuHJeqQKBwQC3Cko5X/n8Hm8B\\r\\nHUSVsOGeE1Fq1iiGTgipJ5QMB2klcoeNCpXBKVkubJwbwIKWuWQPxYF6Nsm8NyqU\\r\\n3HbomnRZrhs5rc+VvXnIpXFtHlIceIoCEktRBYZkiHu7qxgJBPwEJtRVzCftm89/\\r\\nUPaydPbtt6HqIltJwoMxQk1MABv8l9IfB3JVa1qMumtA4Md83A/ee8epZVxOEaAu\\r\\nMHpms5fKvTS+3MDXstgcnSVdSzS/d+ZGMV+lSZF//Qtkdt66hpsCgcEAzwzIKvXu\\r\\nlkjwEnPgursMIBkinE9ld535nq2UKVB3n+WNk3relR1WgrMkhfb60okFTNuF2jC+\\r\\n59yzzbpickyKnMOEDYwJ8hP9Ar9rPhrkHDugnUTynYxPQogTe4jell3D6sskKcl4\\r\\nLl+e4BO20vpmsHrWmpt6b+vW7lRbMrOnfWENqk4TsD6FiF8Dg5zMdZmVQKgxrnbA\\r\\n/xMI86pfWc58QU0ITtprKHEx5UqlWY4IZPShx7g/EO0CGt33jIIO4eSU\\r\\n-----END RSA PRIVATE KEY-----\\r\\n\",\"publicKey\":\"ssh-rsa AAAAB3NzaC1yc2EAAAADAQABAAABgQC+fNFJWbFA+RrigFOfimp5OfjZ5Nx6Sfsv+avIn2/xnpFtwrs2Jxpbn0D0ZlaZOb0EX8ET8iIF0RCjH7TlPXjOuTxm/BfoRXOfHQOReBKcRxLH/FyxAAZnFHH07H4uI1/qvuv6BQD4fhluhAmBFWFPxbeqrhDX6UTbf+jb9xqx22MxRO+fA8MAktToc4c5lHlHVmEXRMGR/vB+dz88pGSTHOIWAWP3gIFQWmBmFm+83ltEBH9GqTg/7tEfu+DWrz+4zyzfZmel6peJ7EWCrC3ZwXzdZGHJ3Q/dFlvL6AnQp52xBKo8g/MS6Jes125Y+ukCkTUyMQpXeaVN8leonBJC0bPax35brQoDqQa/wV+a6+Aczo5qcBLSyXYoDbh2/Fu9lzWbJpkUpse4yZts+8TpKK/5JCmv7cHarm2wmalsXcCsu/k3DgSKg5hYa5P1f/hnX7p2ZP4PHIqxr7NSWRDlpPZ7UqETZ9PEvavr4LDKzqIXp6Ja61ZdN/1o/arQQPk= generated-by-azure\"}",
            "resource_id": "/subscriptions/2d2378c7-cb0a-4eb0-a565-ccdc77e07d99/resourceGroups/rg-proud-herring/providers/Microsoft.Compute/sshPublicKeys/sshboldviper",
            "response_export_values": [
              "publicKey",
              "privateKey"
            ],
            "timeouts": null,
            "type": "Microsoft.Compute/sshPublicKeys@2022-11-01"
          },
          "sensitive_attributes": [],
          "private": "eyJlMmJmYjczMC1lY2FhLTExZTYtOGY4OC0zNDM2M2JjN2M0YzAiOnsiY3JlYXRlIjoxODAwMDAwMDAwMDAwLCJkZWxldGUiOjE4MDAwMDAwMDAwMDAsInJlYWQiOjMwMDAwMDAwMDAwMCwidXBkYXRlIjoxODAwMDAwMDAwMDAwfX0=",
          "dependencies": [
            "azapi_resource.ssh_public_key",
            "azurerm_resource_group.rg",
            "random_pet.rg_name",
            "random_pet.ssh_key_name"
          ]
        }
      ]
    },
    {
      "mode": "managed",
      "type": "azurerm_linux_virtual_machine",
      "name": "my_terraform_vm",
      "provider": "provider[\"registry.terraform.io/hashicorp/azurerm\"]",
      "instances": [
        {
          "schema_version": 0,
          "attributes": {
            "additional_capabilities": [],
            "admin_password": null,
            "admin_ssh_key": [
              {
                "public_key": "ssh-rsa AAAAB3NzaC1yc2EAAAADAQABAAABgQC+fNFJWbFA+RrigFOfimp5OfjZ5Nx6Sfsv+avIn2/xnpFtwrs2Jxpbn0D0ZlaZOb0EX8ET8iIF0RCjH7TlPXjOuTxm/BfoRXOfHQOReBKcRxLH/FyxAAZnFHH07H4uI1/qvuv6BQD4fhluhAmBFWFPxbeqrhDX6UTbf+jb9xqx22MxRO+fA8MAktToc4c5lHlHVmEXRMGR/vB+dz88pGSTHOIWAWP3gIFQWmBmFm+83ltEBH9GqTg/7tEfu+DWrz+4zyzfZmel6peJ7EWCrC3ZwXzdZGHJ3Q/dFlvL6AnQp52xBKo8g/MS6Jes125Y+ukCkTUyMQpXeaVN8leonBJC0bPax35brQoDqQa/wV+a6+Aczo5qcBLSyXYoDbh2/Fu9lzWbJpkUpse4yZts+8TpKK/5JCmv7cHarm2wmalsXcCsu/k3DgSKg5hYa5P1f/hnX7p2ZP4PHIqxr7NSWRDlpPZ7UqETZ9PEvavr4LDKzqIXp6Ja61ZdN/1o/arQQPk= generated-by-azure",
                "username": "azureadmin"
              }
            ],
            "admin_username": "azureadmin",
            "allow_extension_operations": true,
            "availability_set_id": "",
            "boot_diagnostics": [
              {
                "storage_account_uri": "https://diaga1ccb3f2cd268623.blob.core.windows.net/"
              }
            ],
            "computer_name": "hostname",
            "custom_data": null,
            "dedicated_host_group_id": "",
            "dedicated_host_id": "",
            "disable_password_authentication": true,
            "encryption_at_host_enabled": false,
            "eviction_policy": "",
            "extensions_time_budget": "PT1H30M",
            "id": "/subscriptions/2d2378c7-cb0a-4eb0-a565-ccdc77e07d99/resourceGroups/rg-proud-herring/providers/Microsoft.Compute/virtualMachines/h.aysan",
            "identity": [],
            "license_type": "",
            "location": "westeurope",
            "max_bid_price": -1,
            "name": "h.aysan",
            "network_interface_ids": [
              "/subscriptions/2d2378c7-cb0a-4eb0-a565-ccdc77e07d99/resourceGroups/rg-proud-herring/providers/Microsoft.Network/networkInterfaces/myNIC"
            ],
            "os_disk": [
              {
                "caching": "ReadWrite",
                "diff_disk_settings": [],
                "disk_encryption_set_id": "",
                "disk_size_gb": 30,
                "name": "myOsDisk",
                "storage_account_type": "Premium_LRS",
                "write_accelerator_enabled": false
              }
            ],
            "patch_mode": "ImageDefault",
            "plan": [],
            "platform_fault_domain": -1,
            "priority": "Regular",
            "private_ip_address": "10.0.1.4",
            "private_ip_addresses": [
              "10.0.1.4"
            ],
            "provision_vm_agent": true,
            "proximity_placement_group_id": "",
            "public_ip_address": "20.123.202.174",
            "public_ip_addresses": [
              "20.123.202.174"
            ],
            "resource_group_name": "rg-proud-herring",
            "secret": [],
            "secure_boot_enabled": false,
            "size": "Standard_DS1_v2",
            "source_image_id": "",
            "source_image_reference": [
              {
                "offer": "0001-com-ubuntu-server-jammy",
                "publisher": "Canonical",
                "sku": "22_04-lts-gen2",
                "version": "latest"
              }
            ],
            "tags": null,
            "timeouts": null,
            "user_data": "",
            "virtual_machine_id": "5387a929-4fd6-417c-90f1-b0a08aca9840",
            "virtual_machine_scale_set_id": "",
            "vtpm_enabled": false,
            "zone": ""
          },
          "sensitive_attributes": [],
          "private": "eyJlMmJmYjczMC1lY2FhLTExZTYtOGY4OC0zNDM2M2JjN2M0YzAiOnsiY3JlYXRlIjoyNzAwMDAwMDAwMDAwLCJkZWxldGUiOjI3MDAwMDAwMDAwMDAsInJlYWQiOjMwMDAwMDAwMDAwMCwidXBkYXRlIjoyNzAwMDAwMDAwMDAwfX0=",
          "dependencies": [
            "azapi_resource.ssh_public_key",
            "azapi_resource_action.ssh_public_key_gen",
            "azurerm_network_interface.my_terraform_nic",
            "azurerm_public_ip.my_terraform_public_ip",
            "azurerm_resource_group.rg",
            "azurerm_storage_account.my_storage_account",
            "azurerm_subnet.my_terraform_subnet",
            "azurerm_virtual_network.my_terraform_network",
            "random_id.random_id",
            "random_pet.rg_name",
            "random_pet.ssh_key_name"
          ]
        }
      ]
    },
    {
      "mode": "managed",
      "type": "azurerm_network_interface",
      "name": "my_terraform_nic",
      "provider": "provider[\"registry.terraform.io/hashicorp/azurerm\"]",
      "instances": [
        {
          "schema_version": 0,
          "attributes": {
            "applied_dns_servers": [],
            "dns_servers": [],
            "enable_accelerated_networking": false,
            "enable_ip_forwarding": false,
            "id": "/subscriptions/2d2378c7-cb0a-4eb0-a565-ccdc77e07d99/resourceGroups/rg-proud-herring/providers/Microsoft.Network/networkInterfaces/myNIC",
            "internal_dns_name_label": "",
            "internal_domain_name_suffix": "z5uzbshnwabungjffsbhpvv40f.ax.internal.cloudapp.net",
            "ip_configuration": [
              {
                "gateway_load_balancer_frontend_ip_configuration_id": "",
                "name": "my_nic_configuration",
                "primary": true,
                "private_ip_address": "10.0.1.4",
                "private_ip_address_allocation": "Dynamic",
                "private_ip_address_version": "IPv4",
                "public_ip_address_id": "/subscriptions/2d2378c7-cb0a-4eb0-a565-ccdc77e07d99/resourceGroups/rg-proud-herring/providers/Microsoft.Network/publicIPAddresses/myPublicIP",
                "subnet_id": "/subscriptions/2d2378c7-cb0a-4eb0-a565-ccdc77e07d99/resourceGroups/rg-proud-herring/providers/Microsoft.Network/virtualNetworks/myVnet/subnets/mySubnet"
              }
            ],
            "location": "westeurope",
            "mac_address": "",
            "name": "myNIC",
            "private_ip_address": "10.0.1.4",
            "private_ip_addresses": [
              "10.0.1.4"
            ],
            "resource_group_name": "rg-proud-herring",
            "tags": null,
            "timeouts": null,
            "virtual_machine_id": ""
          },
          "sensitive_attributes": [],
          "private": "eyJlMmJmYjczMC1lY2FhLTExZTYtOGY4OC0zNDM2M2JjN2M0YzAiOnsiY3JlYXRlIjoxODAwMDAwMDAwMDAwLCJkZWxldGUiOjE4MDAwMDAwMDAwMDAsInJlYWQiOjMwMDAwMDAwMDAwMCwidXBkYXRlIjoxODAwMDAwMDAwMDAwfX0=",
          "dependencies": [
            "azurerm_public_ip.my_terraform_public_ip",
            "azurerm_resource_group.rg",
            "azurerm_subnet.my_terraform_subnet",
            "azurerm_virtual_network.my_terraform_network",
            "random_pet.rg_name"
          ]
        }
      ]
    },
    {
      "mode": "managed",
      "type": "azurerm_network_interface_security_group_association",
      "name": "example",
      "provider": "provider[\"registry.terraform.io/hashicorp/azurerm\"]",
      "instances": [
        {
          "schema_version": 0,
          "attributes": {
            "id": "/subscriptions/2d2378c7-cb0a-4eb0-a565-ccdc77e07d99/resourceGroups/rg-proud-herring/providers/Microsoft.Network/networkInterfaces/myNIC|/subscriptions/2d2378c7-cb0a-4eb0-a565-ccdc77e07d99/resourceGroups/rg-proud-herring/providers/Microsoft.Network/networkSecurityGroups/myNetworkSecurityGroup",
            "network_interface_id": "/subscriptions/2d2378c7-cb0a-4eb0-a565-ccdc77e07d99/resourceGroups/rg-proud-herring/providers/Microsoft.Network/networkInterfaces/myNIC",
            "network_security_group_id": "/subscriptions/2d2378c7-cb0a-4eb0-a565-ccdc77e07d99/resourceGroups/rg-proud-herring/providers/Microsoft.Network/networkSecurityGroups/myNetworkSecurityGroup",
            "timeouts": null
          },
          "sensitive_attributes": [],
          "private": "eyJlMmJmYjczMC1lY2FhLTExZTYtOGY4OC0zNDM2M2JjN2M0YzAiOnsiY3JlYXRlIjoxODAwMDAwMDAwMDAwLCJkZWxldGUiOjE4MDAwMDAwMDAwMDAsInJlYWQiOjMwMDAwMDAwMDAwMCwidXBkYXRlIjoxODAwMDAwMDAwMDAwfX0=",
          "dependencies": [
            "azurerm_network_interface.my_terraform_nic",
            "azurerm_network_security_group.my_terraform_nsg",
            "azurerm_public_ip.my_terraform_public_ip",
            "azurerm_resource_group.rg",
            "azurerm_subnet.my_terraform_subnet",
            "azurerm_virtual_network.my_terraform_network",
            "random_pet.rg_name"
          ]
        }
      ]
    },
    {
      "mode": "managed",
      "type": "azurerm_network_security_group",
      "name": "my_terraform_nsg",
      "provider": "provider[\"registry.terraform.io/hashicorp/azurerm\"]",
      "instances": [
        {
          "schema_version": 0,
          "attributes": {
            "id": "/subscriptions/2d2378c7-cb0a-4eb0-a565-ccdc77e07d99/resourceGroups/rg-proud-herring/providers/Microsoft.Network/networkSecurityGroups/myNetworkSecurityGroup",
            "location": "westeurope",
            "name": "myNetworkSecurityGroup",
            "resource_group_name": "rg-proud-herring",
            "security_rule": [
              {
                "access": "Allow",
                "description": "",
                "destination_address_prefix": "*",
                "destination_address_prefixes": [],
                "destination_application_security_group_ids": [],
                "destination_port_range": "22",
                "destination_port_ranges": [],
                "direction": "Inbound",
                "name": "SSH",
                "priority": 1001,
                "protocol": "Tcp",
                "source_address_prefix": "*",
                "source_address_prefixes": [],
                "source_application_security_group_ids": [],
                "source_port_range": "*",
                "source_port_ranges": []
              }
            ],
            "tags": null,
            "timeouts": null
          },
          "sensitive_attributes": [],
          "private": "eyJlMmJmYjczMC1lY2FhLTExZTYtOGY4OC0zNDM2M2JjN2M0YzAiOnsiY3JlYXRlIjoxODAwMDAwMDAwMDAwLCJkZWxldGUiOjE4MDAwMDAwMDAwMDAsInJlYWQiOjMwMDAwMDAwMDAwMCwidXBkYXRlIjoxODAwMDAwMDAwMDAwfX0=",
          "dependencies": [
            "azurerm_resource_group.rg",
            "random_pet.rg_name"
          ]
        }
      ]
    },
    {
      "mode": "managed",
      "type": "azurerm_public_ip",
      "name": "my_terraform_public_ip",
      "provider": "provider[\"registry.terraform.io/hashicorp/azurerm\"]",
      "instances": [
        {
          "schema_version": 0,
          "attributes": {
            "allocation_method": "Dynamic",
            "availability_zone": "No-Zone",
            "domain_name_label": null,
            "fqdn": null,
            "id": "/subscriptions/2d2378c7-cb0a-4eb0-a565-ccdc77e07d99/resourceGroups/rg-proud-herring/providers/Microsoft.Network/publicIPAddresses/myPublicIP",
            "idle_timeout_in_minutes": 4,
            "ip_address": "",
            "ip_tags": null,
            "ip_version": "IPv4",
            "location": "westeurope",
            "name": "myPublicIP",
            "public_ip_prefix_id": null,
            "resource_group_name": "rg-proud-herring",
            "reverse_fqdn": null,
            "sku": "Basic",
            "sku_tier": "Regional",
            "tags": null,
            "timeouts": null,
            "zones": []
          },
          "sensitive_attributes": [],
          "private": "eyJlMmJmYjczMC1lY2FhLTExZTYtOGY4OC0zNDM2M2JjN2M0YzAiOnsiY3JlYXRlIjoxODAwMDAwMDAwMDAwLCJkZWxldGUiOjE4MDAwMDAwMDAwMDAsInJlYWQiOjMwMDAwMDAwMDAwMCwidXBkYXRlIjoxODAwMDAwMDAwMDAwfX0=",
          "dependencies": [
            "azurerm_resource_group.rg",
            "random_pet.rg_name"
          ]
        }
      ]
    },
    {
      "mode": "managed",
      "type": "azurerm_resource_group",
      "name": "rg",
      "provider": "provider[\"registry.terraform.io/hashicorp/azurerm\"]",
      "instances": [
        {
          "schema_version": 0,
          "attributes": {
            "id": "/subscriptions/2d2378c7-cb0a-4eb0-a565-ccdc77e07d99/resourceGroups/rg-proud-herring",
            "location": "westeurope",
            "name": "rg-proud-herring",
            "tags": null,
            "timeouts": null
          },
          "sensitive_attributes": [],
          "private": "eyJlMmJmYjczMC1lY2FhLTExZTYtOGY4OC0zNDM2M2JjN2M0YzAiOnsiY3JlYXRlIjo1NDAwMDAwMDAwMDAwLCJkZWxldGUiOjU0MDAwMDAwMDAwMDAsInJlYWQiOjMwMDAwMDAwMDAwMCwidXBkYXRlIjo1NDAwMDAwMDAwMDAwfX0=",
          "dependencies": [
            "random_pet.rg_name"
          ]
        }
      ]
    },
    {
      "mode": "managed",
      "type": "azurerm_storage_account",
      "name": "my_storage_account",
      "provider": "provider[\"registry.terraform.io/hashicorp/azurerm\"]",
      "instances": [
        {
          "schema_version": 2,
          "attributes": {
            "access_tier": "Hot",
            "account_kind": "StorageV2",
            "account_replication_type": "LRS",
            "account_tier": "Standard",
            "allow_blob_public_access": false,
            "azure_files_authentication": [],
            "blob_properties": [
              {
                "change_feed_enabled": false,
                "container_delete_retention_policy": [],
                "cors_rule": [],
                "default_service_version": "",
                "delete_retention_policy": [],
                "last_access_time_enabled": false,
                "versioning_enabled": false
              }
            ],
            "custom_domain": [],
            "customer_managed_key": [],
            "enable_https_traffic_only": true,
            "id": "/subscriptions/2d2378c7-cb0a-4eb0-a565-ccdc77e07d99/resourceGroups/rg-proud-herring/providers/Microsoft.Storage/storageAccounts/diaga1ccb3f2cd268623",
            "identity": [],
            "infrastructure_encryption_enabled": false,
            "is_hns_enabled": false,
            "large_file_share_enabled": null,
            "location": "westeurope",
            "min_tls_version": "TLS1_0",
            "name": "diaga1ccb3f2cd268623",
            "network_rules": [
              {
                "bypass": [
                  "AzureServices"
                ],
                "default_action": "Allow",
                "ip_rules": [],
                "private_link_access": [],
                "virtual_network_subnet_ids": []
              }
            ],
            "nfsv3_enabled": false,
            "primary_access_key": "2K/cJnxnjUkErhP+4ubw6J6f7OjeyRdmTHZXgr9joerz3o8MEHvrF1PjqDgMw77A6If0b/sI2LlT+AStjaq7bg==",
            "primary_blob_connection_string": "DefaultEndpointsProtocol=https;BlobEndpoint=https://diaga1ccb3f2cd268623.blob.core.windows.net/;AccountName=diaga1ccb3f2cd268623;AccountKey=2K/cJnxnjUkErhP+4ubw6J6f7OjeyRdmTHZXgr9joerz3o8MEHvrF1PjqDgMw77A6If0b/sI2LlT+AStjaq7bg==",
            "primary_blob_endpoint": "https://diaga1ccb3f2cd268623.blob.core.windows.net/",
            "primary_blob_host": "diaga1ccb3f2cd268623.blob.core.windows.net",
            "primary_connection_string": "DefaultEndpointsProtocol=https;AccountName=diaga1ccb3f2cd268623;AccountKey=2K/cJnxnjUkErhP+4ubw6J6f7OjeyRdmTHZXgr9joerz3o8MEHvrF1PjqDgMw77A6If0b/sI2LlT+AStjaq7bg==;EndpointSuffix=core.windows.net",
            "primary_dfs_endpoint": "https://diaga1ccb3f2cd268623.dfs.core.windows.net/",
            "primary_dfs_host": "diaga1ccb3f2cd268623.dfs.core.windows.net",
            "primary_file_endpoint": "https://diaga1ccb3f2cd268623.file.core.windows.net/",
            "primary_file_host": "diaga1ccb3f2cd268623.file.core.windows.net",
            "primary_location": "westeurope",
            "primary_queue_endpoint": "https://diaga1ccb3f2cd268623.queue.core.windows.net/",
            "primary_queue_host": "diaga1ccb3f2cd268623.queue.core.windows.net",
            "primary_table_endpoint": "https://diaga1ccb3f2cd268623.table.core.windows.net/",
            "primary_table_host": "diaga1ccb3f2cd268623.table.core.windows.net",
            "primary_web_endpoint": "https://diaga1ccb3f2cd268623.z6.web.core.windows.net/",
            "primary_web_host": "diaga1ccb3f2cd268623.z6.web.core.windows.net",
            "queue_encryption_key_type": "Service",
            "queue_properties": [
              {
                "cors_rule": [],
                "hour_metrics": [
                  {
                    "enabled": true,
                    "include_apis": true,
                    "retention_policy_days": 7,
                    "version": "1.0"
                  }
                ],
                "logging": [
                  {
                    "delete": false,
                    "read": false,
                    "retention_policy_days": 0,
                    "version": "1.0",
                    "write": false
                  }
                ],
                "minute_metrics": [
                  {
                    "enabled": false,
                    "include_apis": false,
                    "retention_policy_days": 0,
                    "version": "1.0"
                  }
                ]
              }
            ],
            "resource_group_name": "rg-proud-herring",
            "routing": [],
            "secondary_access_key": "RrABVGOqELdaREA4fB9oUz+vYxtiaQw2T8AssjuJJvbyo+Df0wOjXmWN/xcmwXVisz1tIbLJTHq3+ASt8+d/vg==",
            "secondary_blob_connection_string": "",
            "secondary_blob_endpoint": null,
            "secondary_blob_host": null,
            "secondary_connection_string": "DefaultEndpointsProtocol=https;AccountName=diaga1ccb3f2cd268623;AccountKey=RrABVGOqELdaREA4fB9oUz+vYxtiaQw2T8AssjuJJvbyo+Df0wOjXmWN/xcmwXVisz1tIbLJTHq3+ASt8+d/vg==;EndpointSuffix=core.windows.net",
            "secondary_dfs_endpoint": null,
            "secondary_dfs_host": null,
            "secondary_file_endpoint": null,
            "secondary_file_host": null,
            "secondary_location": "",
            "secondary_queue_endpoint": null,
            "secondary_queue_host": null,
            "secondary_table_endpoint": null,
            "secondary_table_host": null,
            "secondary_web_endpoint": null,
            "secondary_web_host": null,
            "share_properties": [
              {
                "cors_rule": [],
                "retention_policy": [
                  {
                    "days": 7
                  }
                ],
                "smb": []
              }
            ],
            "shared_access_key_enabled": true,
            "static_website": [],
            "table_encryption_key_type": "Service",
            "tags": null,
            "timeouts": null
          },
          "sensitive_attributes": [],
          "private": "eyJlMmJmYjczMC1lY2FhLTExZTYtOGY4OC0zNDM2M2JjN2M0YzAiOnsiY3JlYXRlIjozNjAwMDAwMDAwMDAwLCJkZWxldGUiOjM2MDAwMDAwMDAwMDAsInJlYWQiOjMwMDAwMDAwMDAwMCwidXBkYXRlIjozNjAwMDAwMDAwMDAwfSwic2NoZW1hX3ZlcnNpb24iOiIyIn0=",
          "dependencies": [
            "azurerm_resource_group.rg",
            "random_id.random_id",
            "random_pet.rg_name"
          ]
        }
      ]
    },
    {
      "mode": "managed",
      "type": "azurerm_subnet",
      "name": "my_terraform_subnet",
      "provider": "provider[\"registry.terraform.io/hashicorp/azurerm\"]",
      "instances": [
        {
          "schema_version": 0,
          "attributes": {
            "address_prefix": "10.0.1.0/24",
            "address_prefixes": [
              "10.0.1.0/24"
            ],
            "delegation": [],
            "enforce_private_link_endpoint_network_policies": false,
            "enforce_private_link_service_network_policies": false,
            "id": "/subscriptions/2d2378c7-cb0a-4eb0-a565-ccdc77e07d99/resourceGroups/rg-proud-herring/providers/Microsoft.Network/virtualNetworks/myVnet/subnets/mySubnet",
            "name": "mySubnet",
            "resource_group_name": "rg-proud-herring",
            "service_endpoint_policy_ids": null,
            "service_endpoints": null,
            "timeouts": null,
            "virtual_network_name": "myVnet"
          },
          "sensitive_attributes": [],
          "private": "eyJlMmJmYjczMC1lY2FhLTExZTYtOGY4OC0zNDM2M2JjN2M0YzAiOnsiY3JlYXRlIjoxODAwMDAwMDAwMDAwLCJkZWxldGUiOjE4MDAwMDAwMDAwMDAsInJlYWQiOjMwMDAwMDAwMDAwMCwidXBkYXRlIjoxODAwMDAwMDAwMDAwfX0=",
          "dependencies": [
            "azurerm_resource_group.rg",
            "azurerm_virtual_network.my_terraform_network",
            "random_pet.rg_name"
          ]
        }
      ]
    },
    {
      "mode": "managed",
      "type": "azurerm_virtual_network",
      "name": "my_terraform_network",
      "provider": "provider[\"registry.terraform.io/hashicorp/azurerm\"]",
      "instances": [
        {
          "schema_version": 0,
          "attributes": {
            "address_space": [
              "10.0.0.0/16"
            ],
            "bgp_community": "",
            "ddos_protection_plan": [],
            "dns_servers": [],
            "flow_timeout_in_minutes": 0,
            "guid": "c890e9cf-b0ed-4603-9925-2c8277d6bed5",
            "id": "/subscriptions/2d2378c7-cb0a-4eb0-a565-ccdc77e07d99/resourceGroups/rg-proud-herring/providers/Microsoft.Network/virtualNetworks/myVnet",
            "location": "westeurope",
            "name": "myVnet",
            "resource_group_name": "rg-proud-herring",
            "subnet": [],
            "tags": null,
            "timeouts": null,
            "vm_protection_enabled": false
          },
          "sensitive_attributes": [],
          "private": "eyJlMmJmYjczMC1lY2FhLTExZTYtOGY4OC0zNDM2M2JjN2M0YzAiOnsiY3JlYXRlIjoxODAwMDAwMDAwMDAwLCJkZWxldGUiOjE4MDAwMDAwMDAwMDAsInJlYWQiOjMwMDAwMDAwMDAwMCwidXBkYXRlIjoxODAwMDAwMDAwMDAwfX0=",
          "dependencies": [
            "azurerm_resource_group.rg",
            "random_pet.rg_name"
          ]
        }
      ]
    },
    {
      "mode": "managed",
      "type": "random_id",
      "name": "random_id",
      "provider": "provider[\"registry.terraform.io/hashicorp/random\"]",
      "instances": [
        {
          "schema_version": 0,
          "attributes": {
            "b64_std": "ocyz8s0mhiM=",
            "b64_url": "ocyz8s0mhiM",
            "byte_length": 8,
            "dec": "11658891390760683043",
            "hex": "a1ccb3f2cd268623",
            "id": "ocyz8s0mhiM",
            "keepers": {
              "resource_group": "rg-proud-herring"
            },
            "prefix": null
          },
          "sensitive_attributes": [],
          "dependencies": [
            "azurerm_resource_group.rg",
            "random_pet.rg_name"
          ]
        }
      ]
    },
    {
      "mode": "managed",
      "type": "random_pet",
      "name": "rg_name",
      "provider": "provider[\"registry.terraform.io/hashicorp/random\"]",
      "instances": [
        {
          "schema_version": 0,
          "attributes": {
            "id": "rg-proud-herring",
            "keepers": null,
            "length": 2,
            "prefix": "rg",
            "separator": "-"
          },
          "sensitive_attributes": []
        }
      ]
    },
    {
      "mode": "managed",
      "type": "random_pet",
      "name": "ssh_key_name",
      "provider": "provider[\"registry.terraform.io/hashicorp/random\"]",
      "instances": [
        {
          "schema_version": 0,
          "attributes": {
            "id": "sshboldviper",
            "keepers": null,
            "length": 2,
            "prefix": "ssh",
            "separator": ""
          },
          "sensitive_attributes": []
        }
      ]
    }
  ],
  "check_results": null
}
