{
  "version": 4,
  "terraform_version": "1.6.1",
  "serial": 26,
  "lineage": "be3a3497-f4e8-f2e9-d3de-1894e67bb3b5",
  "outputs": {
    "key_data": {
      "value": "ssh-rsa AAAAB3NzaC1yc2EAAAADAQABAAABgQC8jP7NmTITCbBjQJ0AhUimwlmy7nIdPyWO/o7SVJ9e9eZMAC/0m0kU2zSBrS4zSnqHydfXjShoixhah9Qfgu/lJe33qLQzv8DhkKrlPH12rKR7eCe0WIUsA0obFuGeAVw8DXh5IwrCkoO2Cf/wbiqyCZ3ud4ruN0fbI7OHkOQ/YeQVpK6ZKEbdoM+JgftyUOgbyl2BmYC4Mg8Acl+ipP/0qWIB0gGkQ9VbFmq07+ywss0b8noCR3zwNIOIR48tr3t7dQVJ7netNJLAmSm2sYDgLEQ3NtKrCBJYxEUrLzdRb9o//a7RNVVbXq8PAwX63f8zyx08KrgJxVklssuMV5wAk2F+kLI9rUAfI/CaFNOMU+Pqc86+hss6fwhzStJANl/x03LYDmZXPqFIAG34pgJryeRG7WY7Y919k+dkVJHKnnYld/rc7t5saRp7D/zaxso6N24uhi7Q0XR++bdQjGzBEIXoEbw6rtNot5S6Nco7HChYneDXNe911gn6JtLVJG0= generated-by-azure",
      "type": "string"
    },
    "public_ip_address": {
      "value": "",
      "type": "string"
    },
    "resource_group_name": {
      "value": "rg-proud-herring",
      "type": "string"
    }
  },
  "resources": [
    {
      "mode": "managed",
      "type": "azapi_resource",
      "name": "ssh_public_key",
      "provider": "provider[\"registry.terraform.io/azure/azapi\"]",
      "instances": [
        {
          "schema_version": 0,
          "attributes": {
            "body": "{}",
            "id": "/subscriptions/2d2378c7-cb0a-4eb0-a565-ccdc77e07d99/resourceGroups/rg-proud-herring/providers/Microsoft.Compute/sshPublicKeys/sshboldviper",
            "identity": [],
            "ignore_body_changes": null,
            "ignore_casing": false,
            "ignore_missing_property": true,
            "location": "westeurope",
            "locks": null,
            "name": "sshboldviper",
            "output": "{}",
            "parent_id": "/subscriptions/2d2378c7-cb0a-4eb0-a565-ccdc77e07d99/resourceGroups/rg-proud-herring",
            "removing_special_chars": false,
            "response_export_values": null,
            "schema_validation_enabled": true,
            "tags": {},
            "timeouts": null,
            "type": "Microsoft.Compute/sshPublicKeys@2022-11-01"
          },
          "sensitive_attributes": [],
          "private": "eyJlMmJmYjczMC1lY2FhLTExZTYtOGY4OC0zNDM2M2JjN2M0YzAiOnsiY3JlYXRlIjoxODAwMDAwMDAwMDAwLCJkZWxldGUiOjE4MDAwMDAwMDAwMDAsInJlYWQiOjMwMDAwMDAwMDAwMCwidXBkYXRlIjoxODAwMDAwMDAwMDAwfX0=",
          "dependencies": [
            "azurerm_resource_group.rg",
            "random_pet.rg_name",
            "random_pet.ssh_key_name"
          ]
        }
      ]
    },
    {
      "mode": "managed",
      "type": "azapi_resource_action",
      "name": "ssh_public_key_gen",
      "provider": "provider[\"registry.terraform.io/azure/azapi\"]",
      "instances": [
        {
          "schema_version": 0,
          "attributes": {
            "action": "generateKeyPair",
            "body": null,
            "id": "/subscriptions/2d2378c7-cb0a-4eb0-a565-ccdc77e07d99/resourceGroups/rg-proud-herring/providers/Microsoft.Compute/sshPublicKeys/sshboldviper/generateKeyPair",
            "locks": null,
            "method": "POST",
            "output": "{\"privateKey\":\"-----BEGIN RSA PRIVATE KEY-----\\r\\nMIIG4wIBAAKCAYEAvIz+zZkyEwmwY0CdAIVIpsJZsu5yHT8ljv6O0lSfXvXmTAAv\\r\\n9JtJFNs0ga0uM0p6h8nX140oaIsYWofUH4Lv5SXt96i0M7/A4ZCq5Tx9dqyke3gn\\r\\ntFiFLANKGxbhngFcPA14eSMKwpKDtgn/8G4qsgmd7neK7jdH2yOzh5DkP2HkFaSu\\r\\nmShG3aDPiYH7clDoG8pdgZmAuDIPAHJfoqT/9KliAdIBpEPVWxZqtO/ssLLNG/J6\\r\\nAkd88DSDiEePLa97e3UFSe53rTSSwJkptrGA4CxENzbSqwgSWMRFKy83UW/aP/2u\\r\\n0TVVW16vDwMF+t3/M8sdPCq4CcVZJbLLjFecAJNhfpCyPa1AHyPwmhTTjFPj6nPO\\r\\nvobLOn8Ic0rSQDZf8dNy2A5mVz6hSABt+KYCa8nkRu1mO2PdfZPnZFSRyp52JXf6\\r\\n3O7ebGkaew/82sbKOjduLoYu0NF0fvm3UIxswRCF6BG8Oq7TaLeUujXKOxwoWJ3g\\r\\n1zXvddYJ+ibS1SRtAgMBAAECggGAK79zJ3USH0SyPnUxeHt0XezeLxwQMiUCq+j4\\r\\nbmjgCYJ4is3IUrLtA//QcP4jqBbx0yvL/uFrrMYJQogdeapByyM/0aS9Gvy03iFY\\r\\n5ZNhcPWhvFwmqjuXupyQxzRJ6QVbxztA5qpwxrCECurLDZgiI+kDUd8+xwLgk0H3\\r\\nV88QhnxKFZN+R18HAklbngYgt2d6U2hixb0+Fn7W6D2hXvV1xei/Krj1VI3ApT/Q\\r\\nRmccveremEtsb7bykDE/C5G+8NS0JaL1tE1QiAKEQ+G0IKqjfS4esDNQbrooNtSs\\r\\nV6SF+4Hl2OBEiIf6DndT+K79oMVTIgCWQ8P8NkJm3CkY5V9k/0Qff3EMO/AuazKa\\r\\nAwepmYkkR0+NaPdbe2bJQwlPQmg6kWJGbgYoZ9UV+jADAE5jfBr5VZ+CaunjWBEo\\r\\nOgG5l7iRprJk95+Ed59x7RftQqrFHoZfoKLtIuvPPiYzpEpDIsN7Sizno83sCVTv\\r\\nIrIlwxz+T44ixM1mh1aEgxg1QK5pAoHBAMoAPmuEQ7+LsHnLPP/lbIz3U4p/zAlJ\\r\\nnaI32NmdsynxMQpMln+V12n8nlQt9GJZVmkrTdKYUOSRvHnYsbAARZu6cvj2HbbD\\r\\nILaNcqtTURdWNUp6pvk+JoaA65ayztBylraoQyGO+gebpmxm3bt+BodMXgAh2DNj\\r\\nNzsMbKQGboDt5OecKuJ7mINgs2Q1NBrwGxpAGWa3JXH9Hz5mznaaXaKj55y0nKU6\\r\\nmb8CHg/sWZ4TbiFhk3TMZ/sDRdMAsEcviwKBwQDu9Ey5H74OztOOQS4YxEPfFRbz\\r\\n/wmPfAHg7N7cnV/sgV2SYslQO+IsfGN+JB9wQ/IJfhni84s8hnUQmJfiD3GfYdvG\\r\\nRsdaft/zBodEBCI9L41IdyPJ6tzAnV1yDKT+kl/ZAPdXvOYh9Cnoh5jJNC0lEDz3\\r\\nA7ebk7g9rBMo6+0wIXn8xaEB0OkPc+vpd/zcqRBG/9BNVpl8CjQniDSrg9SDoPEq\\r\\nD1i+ve7+TrnHDc0NctWMHMflqJsqMpAA0b/zeucCgcBVRS8UUdwLcptHfoy8dQuS\\r\\noiEI2RO3Y/T/8lU+37wu21rZPyVUrFsnqXTokhGUpqO8d4Q9fwC+y+plAR1Y73Ry\\r\\n3Y0FHVfDu7EGfsVGH0Ce+kw6qXXsxtiadLd+gPKeuZB3gKX9944CQilJn07Ag92b\\r\\npZgUtDTA1IQPEBqYTwK8uC+luZ28x3HFG7/+cBsTuAGo3iAa5PsQmEplHB7RoC4g\\r\\nptHxq6hoc0lNgUZRcHMQMKGPw9HsPxExu9rwzFydYCsCgcEA6HT6qmEp2Gf2QH5C\\r\\nJM/RoxR2JtllaJNflHt6dq4WYhKbf8vgQdBvv40mkND9UI6YyAlHj5QTUMcQ3RtF\\r\\nLiKOC1n8nk++odepb1dbgZxv3owC6osUYtq69BpijI+mdwzYd1fMRys5ybAokNBQ\\r\\nnvPGMzcvx7FzDcNPyZc7cGTLcjYu4Os1LXoZL/I6fv4+HD/P2PIFpybm21dl00ta\\r\\nybvOolqQIbWaRLyq4fSeH/naEAo1mj9pa45xnERh+JoUHP3jAoHAXPz43hJRSibV\\r\\nAxNwA8aXAieaSn9JBlBO5ZYEebrqwu5mJr3LxfoI1hhpaNIkOaeJzpsiTcyiRXMf\\r\\n00atiAw3cs8Y67N2JHaDa0N5MAL9TWzE6hY4Mj06H9tMvykfC2jECvA/bD1TdSmV\\r\\nqqyydhTUT8vk6OeRNqVin67mfdovEwc7WyHrzEGu5aCJinvV33hHsIsOK+UIQeR0\\r\\ngb63kBVuslvK1Wv90Bevq9RO4tbVhS36UcIg9uY/KaEeu8O/840X\\r\\n-----END RSA PRIVATE KEY-----\\r\\n\",\"publicKey\":\"ssh-rsa AAAAB3NzaC1yc2EAAAADAQABAAABgQC8jP7NmTITCbBjQJ0AhUimwlmy7nIdPyWO/o7SVJ9e9eZMAC/0m0kU2zSBrS4zSnqHydfXjShoixhah9Qfgu/lJe33qLQzv8DhkKrlPH12rKR7eCe0WIUsA0obFuGeAVw8DXh5IwrCkoO2Cf/wbiqyCZ3ud4ruN0fbI7OHkOQ/YeQVpK6ZKEbdoM+JgftyUOgbyl2BmYC4Mg8Acl+ipP/0qWIB0gGkQ9VbFmq07+ywss0b8noCR3zwNIOIR48tr3t7dQVJ7netNJLAmSm2sYDgLEQ3NtKrCBJYxEUrLzdRb9o//a7RNVVbXq8PAwX63f8zyx08KrgJxVklssuMV5wAk2F+kLI9rUAfI/CaFNOMU+Pqc86+hss6fwhzStJANl/x03LYDmZXPqFIAG34pgJryeRG7WY7Y919k+dkVJHKnnYld/rc7t5saRp7D/zaxso6N24uhi7Q0XR++bdQjGzBEIXoEbw6rtNot5S6Nco7HChYneDXNe911gn6JtLVJG0= generated-by-azure\"}",
            "resource_id": "/subscriptions/2d2378c7-cb0a-4eb0-a565-ccdc77e07d99/resourceGroups/rg-proud-herring/providers/Microsoft.Compute/sshPublicKeys/sshboldviper",
            "response_export_values": [
              "publicKey",
              "privateKey"
            ],
            "timeouts": null,
            "type": "Microsoft.Compute/sshPublicKeys@2022-11-01"
          },
          "sensitive_attributes": [],
          "private": "eyJlMmJmYjczMC1lY2FhLTExZTYtOGY4OC0zNDM2M2JjN2M0YzAiOnsiY3JlYXRlIjoxODAwMDAwMDAwMDAwLCJkZWxldGUiOjE4MDAwMDAwMDAwMDAsInJlYWQiOjMwMDAwMDAwMDAwMCwidXBkYXRlIjoxODAwMDAwMDAwMDAwfX0=",
          "dependencies": [
            "azapi_resource.ssh_public_key",
            "azurerm_resource_group.rg",
            "random_pet.rg_name",
            "random_pet.ssh_key_name"
          ]
        }
      ]
    },
    {
      "mode": "managed",
      "type": "azurerm_linux_virtual_machine",
      "name": "my_terraform_vm",
      "provider": "provider[\"registry.terraform.io/hashicorp/azurerm\"]",
      "instances": [
        {
          "schema_version": 0,
          "attributes": {
            "additional_capabilities": [],
            "admin_password": null,
            "admin_ssh_key": [
              {
                "public_key": "ssh-rsa AAAAB3NzaC1yc2EAAAADAQABAAABgQC8jP7NmTITCbBjQJ0AhUimwlmy7nIdPyWO/o7SVJ9e9eZMAC/0m0kU2zSBrS4zSnqHydfXjShoixhah9Qfgu/lJe33qLQzv8DhkKrlPH12rKR7eCe0WIUsA0obFuGeAVw8DXh5IwrCkoO2Cf/wbiqyCZ3ud4ruN0fbI7OHkOQ/YeQVpK6ZKEbdoM+JgftyUOgbyl2BmYC4Mg8Acl+ipP/0qWIB0gGkQ9VbFmq07+ywss0b8noCR3zwNIOIR48tr3t7dQVJ7netNJLAmSm2sYDgLEQ3NtKrCBJYxEUrLzdRb9o//a7RNVVbXq8PAwX63f8zyx08KrgJxVklssuMV5wAk2F+kLI9rUAfI/CaFNOMU+Pqc86+hss6fwhzStJANl/x03LYDmZXPqFIAG34pgJryeRG7WY7Y919k+dkVJHKnnYld/rc7t5saRp7D/zaxso6N24uhi7Q0XR++bdQjGzBEIXoEbw6rtNot5S6Nco7HChYneDXNe911gn6JtLVJG0= generated-by-azure",
                "username": "azureadmin"
              }
            ],
            "admin_username": "azureadmin",
            "allow_extension_operations": true,
            "availability_set_id": "",
            "boot_diagnostics": [
              {
                "storage_account_uri": "https://diaga1ccb3f2cd268623.blob.core.windows.net/"
              }
            ],
            "computer_name": "hostname",
            "custom_data": null,
            "dedicated_host_group_id": "",
            "dedicated_host_id": "",
            "disable_password_authentication": true,
            "encryption_at_host_enabled": false,
            "eviction_policy": "",
            "extensions_time_budget": "PT1H30M",
            "id": "/subscriptions/2d2378c7-cb0a-4eb0-a565-ccdc77e07d99/resourceGroups/rg-proud-herring/providers/Microsoft.Compute/virtualMachines/h.aysan",
            "identity": [],
            "license_type": "",
            "location": "westeurope",
            "max_bid_price": -1,
            "name": "h.aysan",
            "network_interface_ids": [
              "/subscriptions/2d2378c7-cb0a-4eb0-a565-ccdc77e07d99/resourceGroups/rg-proud-herring/providers/Microsoft.Network/networkInterfaces/myNIC"
            ],
            "os_disk": [
              {
                "caching": "ReadWrite",
                "diff_disk_settings": [],
                "disk_encryption_set_id": "",
                "disk_size_gb": 30,
                "name": "myOsDisk",
                "storage_account_type": "Premium_LRS",
                "write_accelerator_enabled": false
              }
            ],
            "patch_mode": "ImageDefault",
            "plan": [],
            "platform_fault_domain": -1,
            "priority": "Regular",
            "private_ip_address": "10.0.1.4",
            "private_ip_addresses": [
              "10.0.1.4"
            ],
            "provision_vm_agent": true,
            "proximity_placement_group_id": "",
            "public_ip_address": "",
            "public_ip_addresses": [],
            "resource_group_name": "rg-proud-herring",
            "secret": [],
            "secure_boot_enabled": false,
            "size": "Standard_DS1_v2",
            "source_image_id": "",
            "source_image_reference": [
              {
                "offer": "0001-com-ubuntu-server-jammy",
                "publisher": "Canonical",
                "sku": "22_04-lts-gen2",
                "version": "latest"
              }
            ],
            "tags": null,
            "timeouts": null,
            "user_data": "",
            "virtual_machine_id": "5161d118-0d30-4ada-b2a3-45e3f5ea6e6a",
            "virtual_machine_scale_set_id": "",
            "vtpm_enabled": false,
            "zone": ""
          },
          "sensitive_attributes": [],
          "private": "eyJlMmJmYjczMC1lY2FhLTExZTYtOGY4OC0zNDM2M2JjN2M0YzAiOnsiY3JlYXRlIjoyNzAwMDAwMDAwMDAwLCJkZWxldGUiOjI3MDAwMDAwMDAwMDAsInJlYWQiOjMwMDAwMDAwMDAwMCwidXBkYXRlIjoyNzAwMDAwMDAwMDAwfX0=",
          "dependencies": [
            "azapi_resource.ssh_public_key",
            "azapi_resource_action.ssh_public_key_gen",
            "azurerm_network_interface.my_terraform_nic",
            "azurerm_resource_group.rg",
            "azurerm_storage_account.my_storage_account",
            "azurerm_subnet.my_terraform_subnet",
            "azurerm_virtual_network.my_terraform_network",
            "random_id.random_id",
            "random_pet.rg_name",
            "random_pet.ssh_key_name"
          ]
        }
      ]
    },
    {
      "mode": "managed",
      "type": "azurerm_network_interface",
      "name": "my_terraform_nic",
      "provider": "provider[\"registry.terraform.io/hashicorp/azurerm\"]",
      "instances": [
        {
          "schema_version": 0,
          "attributes": {
            "applied_dns_servers": [],
            "dns_servers": [],
            "enable_accelerated_networking": false,
            "enable_ip_forwarding": false,
            "id": "/subscriptions/2d2378c7-cb0a-4eb0-a565-ccdc77e07d99/resourceGroups/rg-proud-herring/providers/Microsoft.Network/networkInterfaces/myNIC",
            "internal_dns_name_label": "",
            "internal_domain_name_suffix": "libl3gmyt2wubci5ju2jqdpvld.ax.internal.cloudapp.net",
            "ip_configuration": [
              {
                "gateway_load_balancer_frontend_ip_configuration_id": "",
                "name": "my_nic_configuration",
                "primary": true,
                "private_ip_address": "10.0.1.4",
                "private_ip_address_allocation": "Dynamic",
                "private_ip_address_version": "IPv4",
                "public_ip_address_id": "",
                "subnet_id": "/subscriptions/2d2378c7-cb0a-4eb0-a565-ccdc77e07d99/resourceGroups/rg-proud-herring/providers/Microsoft.Network/virtualNetworks/myVnet/subnets/mySubnet"
              }
            ],
            "location": "westeurope",
            "mac_address": "",
            "name": "myNIC",
            "private_ip_address": "10.0.1.4",
            "private_ip_addresses": [
              "10.0.1.4"
            ],
            "resource_group_name": "rg-proud-herring",
            "tags": null,
            "timeouts": null,
            "virtual_machine_id": ""
          },
          "sensitive_attributes": [],
          "private": "eyJlMmJmYjczMC1lY2FhLTExZTYtOGY4OC0zNDM2M2JjN2M0YzAiOnsiY3JlYXRlIjoxODAwMDAwMDAwMDAwLCJkZWxldGUiOjE4MDAwMDAwMDAwMDAsInJlYWQiOjMwMDAwMDAwMDAwMCwidXBkYXRlIjoxODAwMDAwMDAwMDAwfX0=",
          "dependencies": [
            "azurerm_resource_group.rg",
            "azurerm_subnet.my_terraform_subnet",
            "azurerm_virtual_network.my_terraform_network",
            "random_pet.rg_name"
          ]
        }
      ]
    },
    {
      "mode": "managed",
      "type": "azurerm_network_interface_security_group_association",
      "name": "example",
      "provider": "provider[\"registry.terraform.io/hashicorp/azurerm\"]",
      "instances": [
        {
          "schema_version": 0,
          "attributes": {
            "id": "/subscriptions/2d2378c7-cb0a-4eb0-a565-ccdc77e07d99/resourceGroups/rg-proud-herring/providers/Microsoft.Network/networkInterfaces/myNIC|/subscriptions/2d2378c7-cb0a-4eb0-a565-ccdc77e07d99/resourceGroups/rg-proud-herring/providers/Microsoft.Network/networkSecurityGroups/myNetworkSecurityGroup",
            "network_interface_id": "/subscriptions/2d2378c7-cb0a-4eb0-a565-ccdc77e07d99/resourceGroups/rg-proud-herring/providers/Microsoft.Network/networkInterfaces/myNIC",
            "network_security_group_id": "/subscriptions/2d2378c7-cb0a-4eb0-a565-ccdc77e07d99/resourceGroups/rg-proud-herring/providers/Microsoft.Network/networkSecurityGroups/myNetworkSecurityGroup",
            "timeouts": null
          },
          "sensitive_attributes": [],
          "private": "eyJlMmJmYjczMC1lY2FhLTExZTYtOGY4OC0zNDM2M2JjN2M0YzAiOnsiY3JlYXRlIjoxODAwMDAwMDAwMDAwLCJkZWxldGUiOjE4MDAwMDAwMDAwMDAsInJlYWQiOjMwMDAwMDAwMDAwMCwidXBkYXRlIjoxODAwMDAwMDAwMDAwfX0=",
          "dependencies": [
            "azurerm_network_interface.my_terraform_nic",
            "azurerm_network_security_group.my_terraform_nsg",
            "azurerm_resource_group.rg",
            "azurerm_subnet.my_terraform_subnet",
            "azurerm_virtual_network.my_terraform_network",
            "random_pet.rg_name"
          ]
        }
      ]
    },
    {
      "mode": "managed",
      "type": "azurerm_network_security_group",
      "name": "my_terraform_nsg",
      "provider": "provider[\"registry.terraform.io/hashicorp/azurerm\"]",
      "instances": [
        {
          "schema_version": 0,
          "attributes": {
            "id": "/subscriptions/2d2378c7-cb0a-4eb0-a565-ccdc77e07d99/resourceGroups/rg-proud-herring/providers/Microsoft.Network/networkSecurityGroups/myNetworkSecurityGroup",
            "location": "westeurope",
            "name": "myNetworkSecurityGroup",
            "resource_group_name": "rg-proud-herring",
            "security_rule": [
              {
                "access": "Allow",
                "description": "",
                "destination_address_prefix": "*",
                "destination_address_prefixes": [],
                "destination_application_security_group_ids": [],
                "destination_port_range": "22",
                "destination_port_ranges": [],
                "direction": "Inbound",
                "name": "SSH",
                "priority": 1001,
                "protocol": "Tcp",
                "source_address_prefix": "*",
                "source_address_prefixes": [],
                "source_application_security_group_ids": [],
                "source_port_range": "*",
                "source_port_ranges": []
              }
            ],
            "tags": null,
            "timeouts": null
          },
          "sensitive_attributes": [],
          "private": "eyJlMmJmYjczMC1lY2FhLTExZTYtOGY4OC0zNDM2M2JjN2M0YzAiOnsiY3JlYXRlIjoxODAwMDAwMDAwMDAwLCJkZWxldGUiOjE4MDAwMDAwMDAwMDAsInJlYWQiOjMwMDAwMDAwMDAwMCwidXBkYXRlIjoxODAwMDAwMDAwMDAwfX0=",
          "dependencies": [
            "azurerm_resource_group.rg",
            "random_pet.rg_name"
          ]
        }
      ]
    },
    {
      "mode": "managed",
      "type": "azurerm_public_ip",
      "name": "my_terraform_public_ip",
      "provider": "provider[\"registry.terraform.io/hashicorp/azurerm\"]",
      "instances": [
        {
          "schema_version": 0,
          "attributes": {
            "allocation_method": "Dynamic",
            "availability_zone": "No-Zone",
            "domain_name_label": null,
            "fqdn": null,
            "id": "/subscriptions/2d2378c7-cb0a-4eb0-a565-ccdc77e07d99/resourceGroups/rg-proud-herring/providers/Microsoft.Network/publicIPAddresses/myPublicIP",
            "idle_timeout_in_minutes": 4,
            "ip_address": "",
            "ip_tags": null,
            "ip_version": "IPv4",
            "location": "westeurope",
            "name": "myPublicIP",
            "public_ip_prefix_id": null,
            "resource_group_name": "rg-proud-herring",
            "reverse_fqdn": null,
            "sku": "Basic",
            "sku_tier": "Regional",
            "tags": null,
            "timeouts": null,
            "zones": []
          },
          "sensitive_attributes": [],
          "private": "eyJlMmJmYjczMC1lY2FhLTExZTYtOGY4OC0zNDM2M2JjN2M0YzAiOnsiY3JlYXRlIjoxODAwMDAwMDAwMDAwLCJkZWxldGUiOjE4MDAwMDAwMDAwMDAsInJlYWQiOjMwMDAwMDAwMDAwMCwidXBkYXRlIjoxODAwMDAwMDAwMDAwfX0=",
          "dependencies": [
            "azurerm_resource_group.rg",
            "random_pet.rg_name"
          ]
        }
      ]
    },
    {
      "mode": "managed",
      "type": "azurerm_resource_group",
      "name": "rg",
      "provider": "provider[\"registry.terraform.io/hashicorp/azurerm\"]",
      "instances": [
        {
          "schema_version": 0,
          "attributes": {
            "id": "/subscriptions/2d2378c7-cb0a-4eb0-a565-ccdc77e07d99/resourceGroups/rg-proud-herring",
            "location": "westeurope",
            "name": "rg-proud-herring",
            "tags": {},
            "timeouts": null
          },
          "sensitive_attributes": [],
          "private": "eyJlMmJmYjczMC1lY2FhLTExZTYtOGY4OC0zNDM2M2JjN2M0YzAiOnsiY3JlYXRlIjo1NDAwMDAwMDAwMDAwLCJkZWxldGUiOjU0MDAwMDAwMDAwMDAsInJlYWQiOjMwMDAwMDAwMDAwMCwidXBkYXRlIjo1NDAwMDAwMDAwMDAwfX0=",
          "dependencies": [
            "random_pet.rg_name"
          ]
        }
      ]
    },
    {
      "mode": "managed",
      "type": "azurerm_storage_account",
      "name": "my_storage_account",
      "provider": "provider[\"registry.terraform.io/hashicorp/azurerm\"]",
      "instances": [
        {
          "schema_version": 2,
          "attributes": {
            "access_tier": "Hot",
            "account_kind": "StorageV2",
            "account_replication_type": "LRS",
            "account_tier": "Standard",
            "allow_blob_public_access": false,
            "azure_files_authentication": [],
            "blob_properties": [
              {
                "change_feed_enabled": false,
                "container_delete_retention_policy": [],
                "cors_rule": [],
                "default_service_version": "",
                "delete_retention_policy": [],
                "last_access_time_enabled": false,
                "versioning_enabled": false
              }
            ],
            "custom_domain": [],
            "customer_managed_key": [],
            "enable_https_traffic_only": true,
            "id": "/subscriptions/2d2378c7-cb0a-4eb0-a565-ccdc77e07d99/resourceGroups/rg-proud-herring/providers/Microsoft.Storage/storageAccounts/diaga1ccb3f2cd268623",
            "identity": [],
            "infrastructure_encryption_enabled": false,
            "is_hns_enabled": false,
            "large_file_share_enabled": null,
            "location": "westeurope",
            "min_tls_version": "TLS1_0",
            "name": "diaga1ccb3f2cd268623",
            "network_rules": [
              {
                "bypass": [
                  "AzureServices"
                ],
                "default_action": "Allow",
                "ip_rules": [],
                "private_link_access": [],
                "virtual_network_subnet_ids": []
              }
            ],
            "nfsv3_enabled": false,
            "primary_access_key": "X520CB2xvGh7A4UbOschBQQ9CN8W5vOTqIV/FWWwJI8udOLsi11IDmzs/FcsGEN7LQBhMKc+YgXd+AStXobY9g==",
            "primary_blob_connection_string": "DefaultEndpointsProtocol=https;BlobEndpoint=https://diaga1ccb3f2cd268623.blob.core.windows.net/;AccountName=diaga1ccb3f2cd268623;AccountKey=X520CB2xvGh7A4UbOschBQQ9CN8W5vOTqIV/FWWwJI8udOLsi11IDmzs/FcsGEN7LQBhMKc+YgXd+AStXobY9g==",
            "primary_blob_endpoint": "https://diaga1ccb3f2cd268623.blob.core.windows.net/",
            "primary_blob_host": "diaga1ccb3f2cd268623.blob.core.windows.net",
            "primary_connection_string": "DefaultEndpointsProtocol=https;AccountName=diaga1ccb3f2cd268623;AccountKey=X520CB2xvGh7A4UbOschBQQ9CN8W5vOTqIV/FWWwJI8udOLsi11IDmzs/FcsGEN7LQBhMKc+YgXd+AStXobY9g==;EndpointSuffix=core.windows.net",
            "primary_dfs_endpoint": "https://diaga1ccb3f2cd268623.dfs.core.windows.net/",
            "primary_dfs_host": "diaga1ccb3f2cd268623.dfs.core.windows.net",
            "primary_file_endpoint": "https://diaga1ccb3f2cd268623.file.core.windows.net/",
            "primary_file_host": "diaga1ccb3f2cd268623.file.core.windows.net",
            "primary_location": "westeurope",
            "primary_queue_endpoint": "https://diaga1ccb3f2cd268623.queue.core.windows.net/",
            "primary_queue_host": "diaga1ccb3f2cd268623.queue.core.windows.net",
            "primary_table_endpoint": "https://diaga1ccb3f2cd268623.table.core.windows.net/",
            "primary_table_host": "diaga1ccb3f2cd268623.table.core.windows.net",
            "primary_web_endpoint": "https://diaga1ccb3f2cd268623.z6.web.core.windows.net/",
            "primary_web_host": "diaga1ccb3f2cd268623.z6.web.core.windows.net",
            "queue_encryption_key_type": "Service",
            "queue_properties": [
              {
                "cors_rule": [],
                "hour_metrics": [
                  {
                    "enabled": true,
                    "include_apis": true,
                    "retention_policy_days": 7,
                    "version": "1.0"
                  }
                ],
                "logging": [
                  {
                    "delete": false,
                    "read": false,
                    "retention_policy_days": 0,
                    "version": "1.0",
                    "write": false
                  }
                ],
                "minute_metrics": [
                  {
                    "enabled": false,
                    "include_apis": false,
                    "retention_policy_days": 0,
                    "version": "1.0"
                  }
                ]
              }
            ],
            "resource_group_name": "rg-proud-herring",
            "routing": [],
            "secondary_access_key": "4uFd6XNz1Bc+qX0g+rQ57pqjctSLHhkQ2G711sh55GfgXUzoP+WuRKA/48Dv+J24g5bWuLxzf2Qa+AStdBvEww==",
            "secondary_blob_connection_string": "",
            "secondary_blob_endpoint": null,
            "secondary_blob_host": null,
            "secondary_connection_string": "DefaultEndpointsProtocol=https;AccountName=diaga1ccb3f2cd268623;AccountKey=4uFd6XNz1Bc+qX0g+rQ57pqjctSLHhkQ2G711sh55GfgXUzoP+WuRKA/48Dv+J24g5bWuLxzf2Qa+AStdBvEww==;EndpointSuffix=core.windows.net",
            "secondary_dfs_endpoint": null,
            "secondary_dfs_host": null,
            "secondary_file_endpoint": null,
            "secondary_file_host": null,
            "secondary_location": "",
            "secondary_queue_endpoint": null,
            "secondary_queue_host": null,
            "secondary_table_endpoint": null,
            "secondary_table_host": null,
            "secondary_web_endpoint": null,
            "secondary_web_host": null,
            "share_properties": [
              {
                "cors_rule": [],
                "retention_policy": [
                  {
                    "days": 7
                  }
                ],
                "smb": []
              }
            ],
            "shared_access_key_enabled": true,
            "static_website": [],
            "table_encryption_key_type": "Service",
            "tags": null,
            "timeouts": null
          },
          "sensitive_attributes": [],
          "private": "eyJlMmJmYjczMC1lY2FhLTExZTYtOGY4OC0zNDM2M2JjN2M0YzAiOnsiY3JlYXRlIjozNjAwMDAwMDAwMDAwLCJkZWxldGUiOjM2MDAwMDAwMDAwMDAsInJlYWQiOjMwMDAwMDAwMDAwMCwidXBkYXRlIjozNjAwMDAwMDAwMDAwfSwic2NoZW1hX3ZlcnNpb24iOiIyIn0=",
          "dependencies": [
            "azurerm_resource_group.rg",
            "random_id.random_id",
            "random_pet.rg_name"
          ]
        }
      ]
    },
    {
      "mode": "managed",
      "type": "azurerm_subnet",
      "name": "my_terraform_subnet",
      "provider": "provider[\"registry.terraform.io/hashicorp/azurerm\"]",
      "instances": [
        {
          "schema_version": 0,
          "attributes": {
            "address_prefix": "10.0.1.0/24",
            "address_prefixes": [
              "10.0.1.0/24"
            ],
            "delegation": [],
            "enforce_private_link_endpoint_network_policies": false,
            "enforce_private_link_service_network_policies": false,
            "id": "/subscriptions/2d2378c7-cb0a-4eb0-a565-ccdc77e07d99/resourceGroups/rg-proud-herring/providers/Microsoft.Network/virtualNetworks/myVnet/subnets/mySubnet",
            "name": "mySubnet",
            "resource_group_name": "rg-proud-herring",
            "service_endpoint_policy_ids": null,
            "service_endpoints": null,
            "timeouts": null,
            "virtual_network_name": "myVnet"
          },
          "sensitive_attributes": [],
          "private": "eyJlMmJmYjczMC1lY2FhLTExZTYtOGY4OC0zNDM2M2JjN2M0YzAiOnsiY3JlYXRlIjoxODAwMDAwMDAwMDAwLCJkZWxldGUiOjE4MDAwMDAwMDAwMDAsInJlYWQiOjMwMDAwMDAwMDAwMCwidXBkYXRlIjoxODAwMDAwMDAwMDAwfX0=",
          "dependencies": [
            "azurerm_resource_group.rg",
            "azurerm_virtual_network.my_terraform_network",
            "random_pet.rg_name"
          ]
        }
      ]
    },
    {
      "mode": "managed",
      "type": "azurerm_virtual_network",
      "name": "my_terraform_network",
      "provider": "provider[\"registry.terraform.io/hashicorp/azurerm\"]",
      "instances": [
        {
          "schema_version": 0,
          "attributes": {
            "address_space": [
              "10.0.0.0/16"
            ],
            "bgp_community": "",
            "ddos_protection_plan": [],
            "dns_servers": [],
            "flow_timeout_in_minutes": 0,
            "guid": "99be025a-9f98-402d-891f-4d38980df55b",
            "id": "/subscriptions/2d2378c7-cb0a-4eb0-a565-ccdc77e07d99/resourceGroups/rg-proud-herring/providers/Microsoft.Network/virtualNetworks/myVnet",
            "location": "westeurope",
            "name": "myVnet",
            "resource_group_name": "rg-proud-herring",
            "subnet": [],
            "tags": null,
            "timeouts": null,
            "vm_protection_enabled": false
          },
          "sensitive_attributes": [],
          "private": "eyJlMmJmYjczMC1lY2FhLTExZTYtOGY4OC0zNDM2M2JjN2M0YzAiOnsiY3JlYXRlIjoxODAwMDAwMDAwMDAwLCJkZWxldGUiOjE4MDAwMDAwMDAwMDAsInJlYWQiOjMwMDAwMDAwMDAwMCwidXBkYXRlIjoxODAwMDAwMDAwMDAwfX0=",
          "dependencies": [
            "azurerm_resource_group.rg",
            "random_pet.rg_name"
          ]
        }
      ]
    },
    {
      "mode": "managed",
      "type": "random_id",
      "name": "random_id",
      "provider": "provider[\"registry.terraform.io/hashicorp/random\"]",
      "instances": [
        {
          "schema_version": 0,
          "attributes": {
            "b64_std": "ocyz8s0mhiM=",
            "b64_url": "ocyz8s0mhiM",
            "byte_length": 8,
            "dec": "11658891390760683043",
            "hex": "a1ccb3f2cd268623",
            "id": "ocyz8s0mhiM",
            "keepers": {
              "resource_group": "rg-proud-herring"
            },
            "prefix": null
          },
          "sensitive_attributes": [],
          "dependencies": [
            "azurerm_resource_group.rg",
            "random_pet.rg_name"
          ]
        }
      ]
    },
    {
      "mode": "managed",
      "type": "random_pet",
      "name": "rg_name",
      "provider": "provider[\"registry.terraform.io/hashicorp/random\"]",
      "instances": [
        {
          "schema_version": 0,
          "attributes": {
            "id": "rg-proud-herring",
            "keepers": null,
            "length": 2,
            "prefix": "rg",
            "separator": "-"
          },
          "sensitive_attributes": []
        }
      ]
    },
    {
      "mode": "managed",
      "type": "random_pet",
      "name": "ssh_key_name",
      "provider": "provider[\"registry.terraform.io/hashicorp/random\"]",
      "instances": [
        {
          "schema_version": 0,
          "attributes": {
            "id": "sshboldviper",
            "keepers": null,
            "length": 2,
            "prefix": "ssh",
            "separator": ""
          },
          "sensitive_attributes": []
        }
      ]
    }
  ],
  "check_results": null
}
